
Microsoft Visual Studio Solution File, Format Version 12.00
# Visual Studio 15
VisualStudioVersion = 15.0.28010.2019
MinimumVisualStudioVersion = 10.0.40219.1
Project("{9A19103F-16F7-4668-BE54-9A1E7A4F7556}") = "BusinessLayer", "BusinessLayer\BusinessLayer.csproj", "{DF64300E-3171-4FDB-ABC1-C7BBAE90F0B9}"
EndProject
Project("{9A19103F-16F7-4668-BE54-9A1E7A4F7556}") = "Models", "Models\Models.csproj", "{10B62090-026B-4EA8-93A2-D25E28BB9617}"
EndProject
Project("{9A19103F-16F7-4668-BE54-9A1E7A4F7556}") = "CaseGenesis", "CaseGenesis\CaseGenesis.csproj", "{766F15B6-62EF-46CC-94D4-D8A5C57D472A}"
EndProject
Project("{9A19103F-16F7-4668-BE54-9A1E7A4F7556}") = "DataAccessLayer", "DataAccessLayer\DataAccessLayer.csproj", "{1011D975-C518-4191-B508-F707817E7B4F}"
EndProject
Project("{9A19103F-16F7-4668-BE54-9A1E7A4F7556}") = "Entities", "Entities\Entities.csproj", "{803B2B9F-3076-4AF6-B22D-971088FC8052}"
EndProject
Project("{2150E333-8FDC-42A3-9474-1A3956D46DE8}") = "UnitTests", "UnitTests", "{337484D8-6DF3-4515-9CCC-1A149416D370}"
EndProject
Global
	GlobalSection(SolutionConfigurationPlatforms) = preSolution
		Debug|Any CPU = Debug|Any CPU
		Release|Any CPU = Release|Any CPU
	EndGlobalSection
	GlobalSection(ProjectConfigurationPlatforms) = postSolution
		{DF64300E-3171-4FDB-ABC1-C7BBAE90F0B9}.Debug|Any CPU.ActiveCfg = Debug|Any CPU
		{DF64300E-3171-4FDB-ABC1-C7BBAE90F0B9}.Debug|Any CPU.Build.0 = Debug|Any CPU
		{DF64300E-3171-4FDB-ABC1-C7BBAE90F0B9}.Release|Any CPU.ActiveCfg = Release|Any CPU
		{DF64300E-3171-4FDB-ABC1-C7BBAE90F0B9}.Release|Any CPU.Build.0 = Release|Any CPU
		{10B62090-026B-4EA8-93A2-D25E28BB9617}.Debug|Any CPU.ActiveCfg = Debug|Any CPU
		{10B62090-026B-4EA8-93A2-D25E28BB9617}.Debug|Any CPU.Build.0 = Debug|Any CPU
		{10B62090-026B-4EA8-93A2-D25E28BB9617}.Release|Any CPU.ActiveCfg = Release|Any CPU
		{10B62090-026B-4EA8-93A2-D25E28BB9617}.Release|Any CPU.Build.0 = Release|Any CPU
		{766F15B6-62EF-46CC-94D4-D8A5C57D472A}.Debug|Any CPU.ActiveCfg = Debug|Any CPU
		{766F15B6-62EF-46CC-94D4-D8A5C57D472A}.Debug|Any CPU.Build.0 = Debug|Any CPU
		{766F15B6-62EF-46CC-94D4-D8A5C57D472A}.Release|Any CPU.ActiveCfg = Release|Any CPU
		{766F15B6-62EF-46CC-94D4-D8A5C57D472A}.Release|Any CPU.Build.0 = Release|Any CPU
		{1011D975-C518-4191-B508-F707817E7B4F}.Debug|Any CPU.ActiveCfg = Debug|Any CPU
		{1011D975-C518-4191-B508-F707817E7B4F}.Debug|Any CPU.Build.0 = Debug|Any CPU
		{1011D975-C518-4191-B508-F707817E7B4F}.Release|Any CPU.ActiveCfg = Release|Any CPU
		{1011D975-C518-4191-B508-F707817E7B4F}.Release|Any CPU.Build.0 = Release|Any CPU
		{803B2B9F-3076-4AF6-B22D-971088FC8052}.Debug|Any CPU.ActiveCfg = Debug|Any CPU
		{803B2B9F-3076-4AF6-B22D-971088FC8052}.Debug|Any CPU.Build.0 = Debug|Any CPU
		{803B2B9F-3076-4AF6-B22D-971088FC8052}.Release|Any CPU.ActiveCfg = Release|Any CPU
		{803B2B9F-3076-4AF6-B22D-971088FC8052}.Release|Any CPU.Build.0 = Release|Any CPU
	EndGlobalSection
	GlobalSection(SolutionProperties) = preSolution
		HideSolutionNode = FALSE
	EndGlobalSection
	GlobalSection(ExtensibilityGlobals) = postSolution
		SolutionGuid = {35DC4620-3A85-4F31-96D1-242218C0410F}
	EndGlobalSection
EndGlobal
